PODS:
  - Capacitor (7.4.2):
    - CapacitorCordova
  - CapacitorCamera (7.0.1):
    - Capacitor
  - CapacitorCommunityContacts (7.0.0):
    - Capacitor
  - CapacitorCordova (7.4.2)
  - CapacitorShare (7.0.1):
    - Capacitor
  - EbarooniCapacitorCalendar (7.2.0):
    - Capacitor

DEPENDENCIES:
  - "Capacitor (from `../../node_modules/@capacitor/ios`)"
  - "CapacitorCamera (from `../../node_modules/@capacitor/camera`)"
  - "CapacitorCommunityContacts (from `../../node_modules/@capacitor-community/contacts`)"
  - "CapacitorCordova (from `../../node_modules/@capacitor/ios`)"
  - "CapacitorShare (from `../../node_modules/@capacitor/share`)"
  - "EbarooniCapacitorCalendar (from `../../node_modules/@ebarooni/capacitor-calendar`)"

EXTERNAL SOURCES:
  Capacitor:
    :path: "../../node_modules/@capacitor/ios"
  CapacitorCamera:
    :path: "../../node_modules/@capacitor/camera"
  CapacitorCommunityContacts:
    :path: "../../node_modules/@capacitor-community/contacts"
  CapacitorCordova:
    :path: "../../node_modules/@capacitor/ios"
  CapacitorShare:
    :path: "../../node_modules/@capacitor/share"
  EbarooniCapacitorCalendar:
    :path: "../../node_modules/@ebarooni/capacitor-calendar"

SPEC CHECKSUMS:
  Capacitor: 156d98aba46ec01dde72c4bbb92fa626837cad29
  CapacitorCamera: eb8687d8687fed853598ec9460d94bcd5e16babe
  CapacitorCommunityContacts: d49af9c4727480c8f0e3d40bf61af9f3acbdd77c
  CapacitorCordova: 5e58d04631bc5094894ac106e2bf1da18a9e6151
  CapacitorShare: 58d6c2da63b093e8693287b2d36db92435538435
  EbarooniCapacitorCalendar: 85a986287f9e82e06f0faf438fec4142526f36e9

PODFILE CHECKSUM: f9400b2cb3b1ab4a3f0a79ed8632a51be27025a1

COCOAPODS: 1.16.2
